
Microsoft Visual Studio Solution File, Format Version 12.00
# Visual Studio Version 17
VisualStudioVersion = 17.3.32901.215
MinimumVisualStudioVersion = 10.0.40219.1
Project("{9A19103F-16F7-4668-BE54-9A1E7A4F7556}") = "BlazorTestApp.Server", "BlazorTestApp\Server\BlazorTestApp.Server.csproj", "{656E3D43-B8CF-4588-8C4E-D80D7BCBB3DB}"
EndProject
Project("{9A19103F-16F7-4668-BE54-9A1E7A4F7556}") = "BlazorTestApp.Client", "BlazorTestApp\Client\BlazorTestApp.Client.csproj", "{CC0E2DCB-42FE-498A-A51F-984E3BD3198A}"
EndProject
Project("{9A19103F-16F7-4668-BE54-9A1E7A4F7556}") = "BlazorTestApp.Shared", "BlazorTestApp\Shared\BlazorTestApp.Shared.csproj", "{5197029D-E57B-4484-8C60-CE4766408A98}"
EndProject
Global
	GlobalSection(SolutionConfigurationPlatforms) = preSolution
		Debug|Any CPU = Debug|Any CPU
		Release|Any CPU = Release|Any CPU
	EndGlobalSection
	GlobalSection(ProjectConfigurationPlatforms) = postSolution
		{656E3D43-B8CF-4588-8C4E-D80D7BCBB3DB}.Debug|Any CPU.ActiveCfg = Debug|Any CPU
		{656E3D43-B8CF-4588-8C4E-D80D7BCBB3DB}.Debug|Any CPU.Build.0 = Debug|Any CPU
		{656E3D43-B8CF-4588-8C4E-D80D7BCBB3DB}.Release|Any CPU.ActiveCfg = Release|Any CPU
		{656E3D43-B8CF-4588-8C4E-D80D7BCBB3DB}.Release|Any CPU.Build.0 = Release|Any CPU
		{CC0E2DCB-42FE-498A-A51F-984E3BD3198A}.Debug|Any CPU.ActiveCfg = Debug|Any CPU
		{CC0E2DCB-42FE-498A-A51F-984E3BD3198A}.Debug|Any CPU.Build.0 = Debug|Any CPU
		{CC0E2DCB-42FE-498A-A51F-984E3BD3198A}.Release|Any CPU.ActiveCfg = Release|Any CPU
		{CC0E2DCB-42FE-498A-A51F-984E3BD3198A}.Release|Any CPU.Build.0 = Release|Any CPU
		{5197029D-E57B-4484-8C60-CE4766408A98}.Debug|Any CPU.ActiveCfg = Debug|Any CPU
		{5197029D-E57B-4484-8C60-CE4766408A98}.Debug|Any CPU.Build.0 = Debug|Any CPU
		{5197029D-E57B-4484-8C60-CE4766408A98}.Release|Any CPU.ActiveCfg = Release|Any CPU
		{5197029D-E57B-4484-8C60-CE4766408A98}.Release|Any CPU.Build.0 = Release|Any CPU
	EndGlobalSection
	GlobalSection(SolutionProperties) = preSolution
		HideSolutionNode = FALSE
	EndGlobalSection
	GlobalSection(ExtensibilityGlobals) = postSolution
		SolutionGuid = {05384462-A5E5-4961-8005-9555A2661868}
	EndGlobalSection
EndGlobal
